
Microsoft Visual Studio Solution File, Format Version 12.00
# Visual Studio Version 17
VisualStudioVersion = 17.6.33723.286
MinimumVisualStudioVersion = 10.0.40219.1
Project("{FAE04EC0-301F-11D3-BF4B-00C04F79EFBC}") = "TimeTable EAUT", "TimeTable EAUT\TimeTable EAUT.csproj", "{AFCF9A3B-2437-49BB-ABF4-1EACF5BDCBF9}"
EndProject
Global
	GlobalSection(SolutionConfigurationPlatforms) = preSolution
		Debug|Any CPU = Debug|Any CPU
		Release|Any CPU = Release|Any CPU
	EndGlobalSection
	GlobalSection(ProjectConfigurationPlatforms) = postSolution
		{AFCF9A3B-2437-49BB-ABF4-1EACF5BDCBF9}.Debug|Any CPU.ActiveCfg = Debug|Any CPU
		{AFCF9A3B-2437-49BB-ABF4-1EACF5BDCBF9}.Debug|Any CPU.Build.0 = Debug|Any CPU
		{AFCF9A3B-2437-49BB-ABF4-1EACF5BDCBF9}.Release|Any CPU.ActiveCfg = Release|Any CPU
		{AFCF9A3B-2437-49BB-ABF4-1EACF5BDCBF9}.Release|Any CPU.Build.0 = Release|Any CPU
	EndGlobalSection
	GlobalSection(SolutionProperties) = preSolution
		HideSolutionNode = FALSE
	EndGlobalSection
	GlobalSection(ExtensibilityGlobals) = postSolution
		SolutionGuid = {ECEF4DBF-81DD-4434-8F41-66F15AF01EED}
	EndGlobalSection
EndGlobal
